
Microsoft Visual Studio Solution File, Format Version 11.00
# Visual Studio 2010
Project("{FAE04EC0-301F-11D3-BF4B-00C04F79EFBC}") = "mygame003.1.10", "Assembly-CSharp-firstpass.csproj", "{2A613389-2374-C917-B4D9-1446B187306A}"
EndProject
Project("{FAE04EC0-301F-11D3-BF4B-00C04F79EFBC}") = "mygame003.1.10", "Assembly-CSharp.csproj", "{A7BF2CDA-67C3-02B9-C581-BC1CD3A7EF40}"
EndProject
Project("{FAE04EC0-301F-11D3-BF4B-00C04F79EFBC}") = "mygame003.1.10", "Assembly-CSharp-Editor-firstpass.csproj", "{02D55903-C5B1-EE41-B5D8-4E63C56B404D}"
EndProject
Global
	GlobalSection(SolutionConfigurationPlatforms) = preSolution
		Debug|Any CPU = Debug|Any CPU
		Release|Any CPU = Release|Any CPU
	EndGlobalSection
	GlobalSection(ProjectConfigurationPlatforms) = postSolution
		{2A613389-2374-C917-B4D9-1446B187306A}.Debug|Any CPU.ActiveCfg = Debug|Any CPU
		{2A613389-2374-C917-B4D9-1446B187306A}.Debug|Any CPU.Build.0 = Debug|Any CPU
		{2A613389-2374-C917-B4D9-1446B187306A}.Release|Any CPU.ActiveCfg = Release|Any CPU
		{2A613389-2374-C917-B4D9-1446B187306A}.Release|Any CPU.Build.0 = Release|Any CPU
		{A7BF2CDA-67C3-02B9-C581-BC1CD3A7EF40}.Debug|Any CPU.ActiveCfg = Debug|Any CPU
		{A7BF2CDA-67C3-02B9-C581-BC1CD3A7EF40}.Debug|Any CPU.Build.0 = Debug|Any CPU
		{A7BF2CDA-67C3-02B9-C581-BC1CD3A7EF40}.Release|Any CPU.ActiveCfg = Release|Any CPU
		{A7BF2CDA-67C3-02B9-C581-BC1CD3A7EF40}.Release|Any CPU.Build.0 = Release|Any CPU
		{02D55903-C5B1-EE41-B5D8-4E63C56B404D}.Debug|Any CPU.ActiveCfg = Debug|Any CPU
		{02D55903-C5B1-EE41-B5D8-4E63C56B404D}.Debug|Any CPU.Build.0 = Debug|Any CPU
		{02D55903-C5B1-EE41-B5D8-4E63C56B404D}.Release|Any CPU.ActiveCfg = Release|Any CPU
		{02D55903-C5B1-EE41-B5D8-4E63C56B404D}.Release|Any CPU.Build.0 = Release|Any CPU
	EndGlobalSection
	GlobalSection(SolutionProperties) = preSolution
		HideSolutionNode = FALSE
	EndGlobalSection
	GlobalSection(MonoDevelopProperties) = preSolution
		StartupItem = Assembly-CSharp.csproj
	EndGlobalSection
EndGlobal
